{
  "name": "rx-dom",
  "version": "0.0.0-pre1",
  "lockfileVersion": 1,
  "requires": true,
  "dependencies": {
    "rx-ui-shared": {
      "version": "file:../rx-ui-shared",
      "requires": {
        "rxjs": "^6.5.5"
      },
      "dependencies": {
        "rxjs": {
          "version": "6.5.5",
          "requires": {
            "tslib": "^1.9.0"
          }
        },
        "tslib": {
          "version": "1.13.0"
        }
      }
    }
  }
}
