# THIS IS AN AUTOGENERATED FILE. DO NOT EDIT THIS FILE DIRECTLY.
# yarn lockfile v1


rxjs@^7.0.0-beta.11:
  version "7.0.0-beta.11"
  resolved "https://registry.yarnpkg.com/rxjs/-/rxjs-7.0.0-beta.11.tgz#8121b2fc799886bd36a7dd5a58e9026aa1476ab6"
  integrity sha512-DSeQ+tf3BhKhVqhxy1z+BzlTE1SmqFom8+d9/HZ7A6m1acCNf7CuGgf4xA8ZVQBqfGX8mzxEGmKm4cKlXNXfXg==
  dependencies:
    tslib "~2.1.0"

tslib@~2.1.0:
  version "2.1.0"
  resolved "https://registry.yarnpkg.com/tslib/-/tslib-2.1.0.tgz#da60860f1c2ecaa5703ab7d39bc05b6bf988b97a"
  integrity sha512-hcVC3wYEziELGGmEEXue7D75zbwIIVUMWAVbHItGPx0ziyXxrOMQx4rQEVEV45Ut/1IotuEvwqPopzIOkDMf0A==
