# THIS IS AN AUTOGENERATED FILE. DO NOT EDIT THIS FILE DIRECTLY.
# yarn lockfile v1


rxjs@^7.0.0-beta.8:
  version "7.0.0-beta.8"
  resolved "https://registry.yarnpkg.com/rxjs/-/rxjs-7.0.0-beta.8.tgz#dd5df421175a3c5cb5f7c038a01659b8cbc469cc"
  integrity sha512-rnLwH1WJR67m7p5m+KQNqXd1A+PO/WLZZMd1JuzIRm2AOmhJttBGyDiyanky65rHaYzhEztU1QPak68hm+R4qA==
  dependencies:
    tslib "^1.9.0"

tslib@^1.9.0:
  version "1.13.0"
  resolved "https://registry.yarnpkg.com/tslib/-/tslib-1.13.0.tgz#c881e13cc7015894ed914862d276436fa9a47043"
  integrity sha512-i/6DQjL8Xf3be4K/E6Wgpekn5Qasl1usyw++dAA35Ue5orEn65VIxOA+YvNNl9HV3qv70T7CNwjODHZrLwvd1Q==
